
Microsoft Visual Studio Solution File, Format Version 12.00
# Visual Studio Version 16
VisualStudioVersion = 16.0.32630.194
MinimumVisualStudioVersion = 10.0.40219.1
Project("{FAE04EC0-301F-11D3-BF4B-00C04F79EFBC}") = "TravelTripProje", "TravelTripProje\TravelTripProje.csproj", "{29DE3ECC-DA39-492B-BD47-9FC04825FD8D}"
EndProject
Global
	GlobalSection(SolutionConfigurationPlatforms) = preSolution
		Debug|Any CPU = Debug|Any CPU
		Release|Any CPU = Release|Any CPU
	EndGlobalSection
	GlobalSection(ProjectConfigurationPlatforms) = postSolution
		{29DE3ECC-DA39-492B-BD47-9FC04825FD8D}.Debug|Any CPU.ActiveCfg = Debug|Any CPU
		{29DE3ECC-DA39-492B-BD47-9FC04825FD8D}.Debug|Any CPU.Build.0 = Debug|Any CPU
		{29DE3ECC-DA39-492B-BD47-9FC04825FD8D}.Release|Any CPU.ActiveCfg = Release|Any CPU
		{29DE3ECC-DA39-492B-BD47-9FC04825FD8D}.Release|Any CPU.Build.0 = Release|Any CPU
	EndGlobalSection
	GlobalSection(SolutionProperties) = preSolution
		HideSolutionNode = FALSE
	EndGlobalSection
	GlobalSection(ExtensibilityGlobals) = postSolution
		SolutionGuid = {D28A4960-E53D-405D-AF57-74574FA2F371}
	EndGlobalSection
EndGlobal
